
Microsoft Visual Studio Solution File, Format Version 12.00
# Visual Studio Version 17
VisualStudioVersion = 17.1.32421.90
MinimumVisualStudioVersion = 10.0.40219.1
Project("{FAE04EC0-301F-11D3-BF4B-00C04F79EFBC}") = "WebApplication1", "WebApplication1\WebApplication1.csproj", "{CBA3F8AF-3A77-43E0-9BAF-43F496A7E145}"
EndProject
Global
	GlobalSection(SolutionConfigurationPlatforms) = preSolution
		Debug|Any CPU = Debug|Any CPU
		Release|Any CPU = Release|Any CPU
	EndGlobalSection
	GlobalSection(ProjectConfigurationPlatforms) = postSolution
		{CBA3F8AF-3A77-43E0-9BAF-43F496A7E145}.Debug|Any CPU.ActiveCfg = Debug|Any CPU
		{CBA3F8AF-3A77-43E0-9BAF-43F496A7E145}.Debug|Any CPU.Build.0 = Debug|Any CPU
		{CBA3F8AF-3A77-43E0-9BAF-43F496A7E145}.Release|Any CPU.ActiveCfg = Release|Any CPU
		{CBA3F8AF-3A77-43E0-9BAF-43F496A7E145}.Release|Any CPU.Build.0 = Release|Any CPU
	EndGlobalSection
	GlobalSection(SolutionProperties) = preSolution
		HideSolutionNode = FALSE
	EndGlobalSection
	GlobalSection(ExtensibilityGlobals) = postSolution
		SolutionGuid = {DE2B0D8F-4DE2-4584-80C5-C77FA7D08405}
	EndGlobalSection
EndGlobal
